
Microsoft Visual Studio Solution File, Format Version 12.00
# Visual Studio Version 17
VisualStudioVersion = 17.7.34031.279
MinimumVisualStudioVersion = 10.0.40219.1
Project("{FAE04EC0-301F-11D3-BF4B-00C04F79EFBC}") = "Programmerin01", "Programmerin01\Programmerin01.csproj", "{1CF8CCDA-6373-4CB8-8B2C-2932F8701567}"
EndProject
Global
	GlobalSection(SolutionConfigurationPlatforms) = preSolution
		Debug|Any CPU = Debug|Any CPU
		Release|Any CPU = Release|Any CPU
	EndGlobalSection
	GlobalSection(ProjectConfigurationPlatforms) = postSolution
		{1CF8CCDA-6373-4CB8-8B2C-2932F8701567}.Debug|Any CPU.ActiveCfg = Debug|Any CPU
		{1CF8CCDA-6373-4CB8-8B2C-2932F8701567}.Debug|Any CPU.Build.0 = Debug|Any CPU
		{1CF8CCDA-6373-4CB8-8B2C-2932F8701567}.Release|Any CPU.ActiveCfg = Release|Any CPU
		{1CF8CCDA-6373-4CB8-8B2C-2932F8701567}.Release|Any CPU.Build.0 = Release|Any CPU
	EndGlobalSection
	GlobalSection(SolutionProperties) = preSolution
		HideSolutionNode = FALSE
	EndGlobalSection
	GlobalSection(ExtensibilityGlobals) = postSolution
		SolutionGuid = {0F35A246-7683-4E09-B398-899A16AE2066}
	EndGlobalSection
EndGlobal
